version = 1
revision = 3
requires-python = ">=3.13"

[[package]]
name = "anyio"
version = "4.9.0"
source = { registry = "https://pypi.org/simple" }
dependencies = [
    { name = "idna" },
    { name = "sniffio" },
]
sdist = { url = "https://files.pythonhosted.org/packages/95/7d/4c1bd541d4dffa1b52bd83fb8527089e097a106fc90b467a7313b105f840/anyio-4.9.0.tar.gz", hash = "sha256:673c0c244e15788651a4ff38710fea9675823028a6f08a5eda409e0c9840a028", size = 190949, upload-time = "2025-03-17T00:02:54.77Z" }
wheels = [
    { url = "https://files.pythonhosted.org/packages/a1/ee/48ca1a7c89ffec8b6a0c5d02b89c305671d5ffd8d3c94acf8b8c408575bb/anyio-4.9.0-py3-none-any.whl", hash = "sha256:9f76d541cad6e36af7beb62e978876f3b41e3e04f2c1fbf0884604c0a9c4d93c", size = 100916, upload-time = "2025-03-17T00:02:52.713Z" },
]

[[package]]
name = "certifi"
version = "2025.4.26"
source = { registry = "https://pypi.org/simple" }
sdist = { url = "https://files.pythonhosted.org/packages/e8/9e/c05b3920a3b7d20d3d3310465f50348e5b3694f4f88c6daf736eef3024c4/certifi-2025.4.26.tar.gz", hash = "sha256:0a816057ea3cdefcef70270d2c515e4506bbc954f417fa5ade2021213bb8f0c6", size = 160705, upload-time = "2025-04-26T02:12:29.51Z" }
wheels = [
    { url = "https://files.pythonhosted.org/packages/4a/7e/3db2bd1b1f9e95f7cddca6d6e75e2f2bd9f51b1246e546d88addca0106bd/certifi-2025.4.26-py3-none-any.whl", hash = "sha256:30350364dfe371162649852c63336a15c70c6510c2ad5015b21c2345311805f3", size = 159618, upload-time = "2025-04-26T02:12:27.662Z" },
]

[[package]]
name = "coverage"
version = "7.14.0"
source = { registry = "https://pypi.org/simple" }
sdist = { url = "https://files.pythonhosted.org/packages/23/7f/d0720730a397a999ffc0fd3f5bebef347338e3a47b727da66fbb228e2ff2/coverage-7.14.0.tar.gz", hash = "sha256:057a6af2f160a85384cde4ab36f0d2777bae1057bae255f95413cdd382aa5c74", size = 919489, upload-time = "2026-05-10T18:02:31.397Z" }
wheels = [
    { url = "https://files.pythonhosted.org/packages/6b/76/b7c66ee3c66e1b0f9d894c8125983aa0c03fb2336f2fd16559f9c966157f/coverage-7.14.0-cp313-cp313-macosx_10_13_x86_64.whl", hash = "sha256:f2bbb8254370eb4c628ff3d6fa8a7f74ddc40565394d4f7ab791d1fe568e37ef", size = 219990, upload-time = "2026-05-10T18:00:38.887Z" },
    { url = "https://files.pythonhosted.org/packages/b3/af/e567cbad5ba69c013a50146dfa886dc7193361fda77521f51274ff620e1b/coverage-7.14.0-cp313-cp313-macosx_11_0_arm64.whl", hash = "sha256:23b81107f46d3f21d0cbce30664fcec0f5d9f585638a67081750f99738f6bf66", size = 220365, upload-time = "2026-05-10T18:00:40.864Z" },
    { url = "https://files.pythonhosted.org/packages/44/6f/9ad575d505b4d805b254febc8a5b338a2efe278f8786e56ff1cb8413f9c3/coverage-7.14.0-cp313-cp313-manylinux1_i686.manylinux_2_28_i686.manylinux_2_5_i686.whl", hash = "sha256:22a7e06a5f11a757cdfe79018e9095f9f69ae283c5cd8123774c788deec8717b", size = 251363, upload-time = "2026-05-10T18:00:42.489Z" },
    { url = "https://files.pythonhosted.org/packages/6f/5f/b5370068b2f57787454592ed7dcd1002f0f1703b7db1fa30f6a325a4ca6e/coverage-7.14.0-cp313-cp313-manylinux1_x86_64.manylinux_2_28_x86_64.manylinux_2_5_x86_64.whl", hash = "sha256:9d1aa57a1dc8e05bdc42e81c5d671d849577aeedf279f4c449d6d286f9ed88ca", size = 253961, upload-time = "2026-05-10T18:00:44.079Z" },
    { url = "https://files.pythonhosted.org/packages/29/1e/51adf17738976e8f2b85ddef7b7aa12a0838b056c92f175941d8862767c1/coverage-7.14.0-cp313-cp313-manylinux2014_aarch64.manylinux_2_17_aarch64.manylinux_2_28_aarch64.whl", hash = "sha256:90c1a51bcfddf645b3bb7ec333d9e94393a8e94f55642380fa8a9a5a9e636cb7", size = 255193, upload-time = "2026-05-10T18:00:45.623Z" },
    { url = "https://files.pythonhosted.org/packages/9e/7b/5bfd7ac1df3b881c2ac7a5cbc99c7609e6296c402f5ef587cd81c6f355b3/coverage-7.14.0-cp313-cp313-manylinux2014_ppc64le.manylinux_2_17_ppc64le.manylinux_2_28_ppc64le.whl", hash = "sha256:a841fae2fadcae4f438d43b6ccc4aac2ad609f47cdb6cfdce60cbb3fe5ca7bc2", size = 257326, upload-time = "2026-05-10T18:00:47.173Z" },
    { url = "https://files.pythonhosted.org/packages/7d/38/1d37d316b174fad3843a1d76dbdfe4398771c9ecd0515935dd9ece9cd627/coverage-7.14.0-cp313-cp313-manylinux_2_31_riscv64.manylinux_2_39_riscv64.whl", hash = "sha256:c79d2319cabef1fe8e86df73371126931550804738f78ad7d31e3aad85a67367", size = 251582, upload-time = "2026-05-10T18:00:49.152Z" },
    { url = "https://files.pythonhosted.org/packages/34/46/746704f95980ba220214e1a41e18cec5aea80a898eaa53c51bf2d645ff36/coverage-7.14.0-cp313-cp313-musllinux_1_2_aarch64.whl", hash = "sha256:1b23b0c6f0b1db6ad769b7050c8b641c0bf215ded26c1816955b17b7f26edfa9", size = 253325, upload-time = "2026-05-10T18:00:51.252Z" },
    { url = "https://files.pythonhosted.org/packages/e1/b9/bbe87206d9687b192352f893797825b5f5b15ecd3aa9c68fbff0c074d77b/coverage-7.14.0-cp313-cp313-musllinux_1_2_i686.whl", hash = "sha256:55d3089079ce181a4566b1065ab28d2575eb76d8ac8f81f4fcda2bf037fee087", size = 251291, upload-time = "2026-05-10T18:00:52.816Z" },
    { url = "https://files.pythonhosted.org/packages/46/57/b8cdb12ac0d73ef0243218bd5e22c9df8f92edab8018213a86aec67c5324/coverage-7.14.0-cp313-cp313-musllinux_1_2_ppc64le.whl", hash = "sha256:49c005cba1e2f9677fb2845dcdf9a2e72a52a17d63e8231aaaae35d9f50215ef", size = 255448, upload-time = "2026-05-10T18:00:54.548Z" },
    { url = "https://files.pythonhosted.org/packages/1f/d4/5002019538b2036ce3c84340f54d2fd5100d55b0a6b0894eee56128d03c7/coverage-7.14.0-cp313-cp313-musllinux_1_2_riscv64.whl", hash = "sha256:9117377b823daa28aa8635fbb08cda1cd6be3d7143257345459559aeef852d52", size = 251110, upload-time = "2026-05-10T18:00:56.122Z" },
    { url = "https://files.pythonhosted.org/packages/37/53/20c5009477660f084e6ed60bc02a91894b8e234e617e86ecfd9aaf78e27b/coverage-7.14.0-cp313-cp313-musllinux_1_2_x86_64.whl", hash = "sha256:7b79d646cf46d5cf9a9f40281d4441df5849e445726e369006d2b117710b33fe", size = 252885, upload-time = "2026-05-10T18:00:57.967Z" },
    { url = "https://files.pythonhosted.org/packages/ae/ab/3cf6427ac9c1f1db747dbb1ce71dde47984876d4c2cfd018a3fef0a78d4d/coverage-7.14.0-cp313-cp313-win32.whl", hash = "sha256:fb609b3658479e33f9516d46f1a89dbb9b6c261366e3a11844a96ec487533dae", size = 222539, upload-time = "2026-05-10T18:00:59.581Z" },
    { url = "https://files.pythonhosted.org/packages/8f/b8/9228523e80321c2cb4880d1f589bc0171f2f71432c35118ad04dc01decce/coverage-7.14.0-cp313-cp313-win_amd64.whl", hash = "sha256:0773d8329cf32b6fd222e4b52622c61fe8d503eb966cfc8d3c3c10c96266d50e", size = 223344, upload-time = "2026-05-10T18:01:01.531Z" },
    { url = "https://files.pythonhosted.org/packages/a3/99/118daa192f95e3a6cb2740100fbf8797cda1734b4134ef0b5d501a7fa8f3/coverage-7.14.0-cp313-cp313-win_arm64.whl", hash = "sha256:b4e26a0f1b696faf283bffe5b8569e44e336c582439df5d53281ab89ee0cba96", size = 221966, upload-time = "2026-05-10T18:01:03.16Z" },
    { url = "https://files.pythonhosted.org/packages/e6/f1/a46cc0c013be170216253184a32366d7cbdb9252feaec866b05c2d12a894/coverage-7.14.0-cp313-cp313t-macosx_10_13_x86_64.whl", hash = "sha256:953f521ca9445300397e65fda3dca58b2dbd68fee983777420b57ac3c77e9f90", size = 220679, upload-time = "2026-05-10T18:01:05.058Z" },
    { url = "https://files.pythonhosted.org/packages/64/8c/9c30a3d311a34177fa432995be7fbfc64477d8bac5630bd38055b1c9b424/coverage-7.14.0-cp313-cp313t-macosx_11_0_arm64.whl", hash = "sha256:98af83fd65ae24b1fdd03aaead967a9f523bcd2f1aab2d4f3ffda65bb568a6f1", size = 221033, upload-time = "2026-05-10T18:01:07.002Z" },
    { url = "https://files.pythonhosted.org/packages/9a/cd/3fb5e06c3badefd0c1b47e2044fdca67f8220a4ec2e7fcfb476aa0a67c6c/coverage-7.14.0-cp313-cp313t-manylinux1_i686.manylinux_2_28_i686.manylinux_2_5_i686.whl", hash = "sha256:668b92e6958c4db7cf92e81caac328dfbbdbb215db2850ad28f0cbe1eea0bfbd", size = 262333, upload-time = "2026-05-10T18:01:08.903Z" },
    { url = "https://files.pythonhosted.org/packages/a8/e6/fbc322325c7294d3e22c1ad6b79e45d0806b25228c8e5842aed6d8169aa7/coverage-7.14.0-cp313-cp313t-manylinux1_x86_64.manylinux_2_28_x86_64.manylinux_2_5_x86_64.whl", hash = "sha256:9fbd898551762dea00d3fef2b1c4f99afd2c6a3ff952ea07d60a9bd5ed4f34bc", size = 264410, upload-time = "2026-05-10T18:01:10.531Z" },
    { url = "https://files.pythonhosted.org/packages/08/92/c497b264bec1673c47cc77e26f760fcda4654cabf1f39546d1a23a3b8c35/coverage-7.14.0-cp313-cp313t-manylinux2014_aarch64.manylinux_2_17_aarch64.manylinux_2_28_aarch64.whl", hash = "sha256:68af363c07ecd8d4b7d4043d85cb376d7d227eceb54e5323ee45da73dbd3e426", size = 266836, upload-time = "2026-05-10T18:01:12.19Z" },
    { url = "https://files.pythonhosted.org/packages/78/fc/045da320987f401af5d2815d351e8aa799aec859f60e29f445e3089eeedb/coverage-7.14.0-cp313-cp313t-manylinux2014_ppc64le.manylinux_2_17_ppc64le.manylinux_2_28_ppc64le.whl", hash = "sha256:6e57054a583da8ac55edf24117ea4c9133032cfc4cf72aa2d48c1e5d4b52f899", size = 267974, upload-time = "2026-05-10T18:01:13.926Z" },
    { url = "https://files.pythonhosted.org/packages/1b/ae/227b1e379497fb7a4fc3286e620f80c8a1e7cec66d45695a01639eb1af65/coverage-7.14.0-cp313-cp313t-manylinux_2_31_riscv64.manylinux_2_39_riscv64.whl", hash = "sha256:cc3499459bbcdd51a65b64c35ab7ed2764eaf3cba826e0df3f1d7fe2e102b70b", size = 261578, upload-time = "2026-05-10T18:01:15.564Z" },
    { url = "https://files.pythonhosted.org/packages/a0/f5/3570342900f2acea31d33ff1590c5d8bac1a8e1a2e1c6d34a5d5e61de681/coverage-7.14.0-cp313-cp313t-musllinux_1_2_aarch64.whl", hash = "sha256:45899ec2138a4346ed34d601dedf5076fb74edf2d1dd9dc76a78e82397edee90", size = 264394, upload-time = "2026-05-10T18:01:17.607Z" },
    { url = "https://files.pythonhosted.org/packages/16/29/de1bbc01c935b28f89b1dc3db85b011c055e843a8e5e3b83141c3f80af7f/coverage-7.14.0-cp313-cp313t-musllinux_1_2_i686.whl", hash = "sha256:8767486808c436f05b23ab98eb963fb29185e32a9357a166971685cb3459900f", size = 262022, upload-time = "2026-05-10T18:01:19.304Z" },
    { url = "https://files.pythonhosted.org/packages/35/95/f53890b0bf2fc10ab168e05d38869215e73ca24c4cb521c3bb0eb62fe16b/coverage-7.14.0-cp313-cp313t-musllinux_1_2_ppc64le.whl", hash = "sha256:a3b5ddfd6aa7ddad53ee3edb231e88a2151507a43229b7d71b953916deca127d", size = 265732, upload-time = "2026-05-10T18:01:21.494Z" },
    { url = "https://files.pythonhosted.org/packages/ed/ea/c919e259081dd2bdf0e43b87209709ba7ec2e4117c2a7f5185379c43463c/coverage-7.14.0-cp313-cp313t-musllinux_1_2_riscv64.whl", hash = "sha256:63df0fe568e698e1045792399f8ab6da3a6c2dce3182813fb92afa2641087b47", size = 260921, upload-time = "2026-05-10T18:01:23.533Z" },
    { url = "https://files.pythonhosted.org/packages/1a/2c/c2831889705a81dc5d1c6ca12e4d8e9b95dfc146d153488a6c0ea685d28e/coverage-7.14.0-cp313-cp313t-musllinux_1_2_x86_64.whl", hash = "sha256:827d6397dbd95144939b18f89edf31f63e1f99633e8d5f32f22ba8bdda567477", size = 263109, upload-time = "2026-05-10T18:01:25.165Z" },
    { url = "https://files.pythonhosted.org/packages/5a/a9/2fcae5003cac3d63fe344d2166243c2756935f48420863c5272b240d550b/coverage-7.14.0-cp313-cp313t-win32.whl", hash = "sha256:7bf43e000d24012599b879791cff41589af90674722421ef11b11a5431920bab", size = 223212, upload-time = "2026-05-10T18:01:27.157Z" },
    { url = "https://files.pythonhosted.org/packages/3f/bb/18e94d7b14b9b398164197114a587a04ab7c9fdbe1d237eef57311c5e883/coverage-7.14.0-cp313-cp313t-win_amd64.whl", hash = "sha256:3f5549365af25d770e06b1f8f5682d9a5637d06eb494db91c6fa75d3950cc917", size = 224272, upload-time = "2026-05-10T18:01:29.107Z" },
    { url = "https://files.pythonhosted.org/packages/db/56/4f14fad782b035c81c4ffd09159e7103d42bb1d93ac8496d04b90a11b7da/coverage-7.14.0-cp313-cp313t-win_arm64.whl", hash = "sha256:6d160217ec6fe890f16ad3a9531761589443749e448f91986c972714fad361c8", size = 222530, upload-time = "2026-05-10T18:01:31.151Z" },
    { url = "https://files.pythonhosted.org/packages/1c/18/b9a6586d73992807c26f9a5f274131be3d76b56b18a82b9392e2a25d2e45/coverage-7.14.0-cp314-cp314-macosx_10_15_x86_64.whl", hash = "sha256:9aed9fa983514ca032790f3fe0d1c0e42ca7e16b42432af1706b50a9a46bef5d", size = 220036, upload-time = "2026-05-10T18:01:33.057Z" },
    { url = "https://files.pythonhosted.org/packages/f3/9b/4165a1d56ddc302a0e2d518fd9d412a4fd0b57562618c78c5f21c57194f5/coverage-7.14.0-cp314-cp314-macosx_11_0_arm64.whl", hash = "sha256:ba3b8390db29296dbbf49e91b6fe08f990743a90c8f447ba4c2ffc29670dfa63", size = 220368, upload-time = "2026-05-10T18:01:34.705Z" },
    { url = "https://files.pythonhosted.org/packages/69/aa/c12e52a5ba148d9995229d557e3be6e554fe469addc0e9241b2f0956d8ea/coverage-7.14.0-cp314-cp314-manylinux1_i686.manylinux_2_28_i686.manylinux_2_5_i686.whl", hash = "sha256:3a5d8e876dfa2f102e970b183863d6dedd023d3c0eeca1fe7a9787bc5f28b212", size = 251417, upload-time = "2026-05-10T18:01:36.949Z" },
    { url = "https://files.pythonhosted.org/packages/d7/51/ec641c26e6dca1b25a7d2035ba6ecb7c884ef1a100a9e42fbe4ce4405139/coverage-7.14.0-cp314-cp314-manylinux1_x86_64.manylinux_2_28_x86_64.manylinux_2_5_x86_64.whl", hash = "sha256:5ebb8f4614a3787d567e610bbfdf96a4798dd69a1afb1bd8ad228d4111fe6ff3", size = 253924, upload-time = "2026-05-10T18:01:38.985Z" },
    { url = "https://files.pythonhosted.org/packages/33/c4/59c3de0bd1b538824173fd518fed51c1ce740ca5ed68e74545983f4053a9/coverage-7.14.0-cp314-cp314-manylinux2014_aarch64.manylinux_2_17_aarch64.manylinux_2_28_aarch64.whl", hash = "sha256:6b9bf47223dd8db3d4c4b2e443b02bace480d428f0822c3f991600448a176c97", size = 255269, upload-time = "2026-05-10T18:01:40.957Z" },
    { url = "https://files.pythonhosted.org/packages/7b/a9/36dfa153a62040296f6e7febfdb20a5720622f6ef5a81a41e8237b9a5344/coverage-7.14.0-cp314-cp314-manylinux2014_ppc64le.manylinux_2_17_ppc64le.manylinux_2_28_ppc64le.whl", hash = "sha256:3485a836550b303d006d57cc06e3d5afaabc642c77050b7c985a97b13e3776b8", size = 257583, upload-time = "2026-05-10T18:01:42.607Z" },
    { url = "https://files.pythonhosted.org/packages/26/7b/cc2c048d4114d9ab1c2409e9ee365e5ae10736df6dffcfc9444effa6c708/coverage-7.14.0-cp314-cp314-manylinux_2_31_riscv64.manylinux_2_39_riscv64.whl", hash = "sha256:3e7e88110bae996d199d1693ca8ec3fd52441d426401ae963437598667b4c5eb", size = 251434, upload-time = "2026-05-10T18:01:44.537Z" },
    { url = "https://files.pythonhosted.org/packages/ee/df/6770eaa576e604575e9a78055313250faef5faa84bd6f71a39fece519c43/coverage-7.14.0-cp314-cp314-musllinux_1_2_aarch64.whl", hash = "sha256:15228a6800ce7bdf1b74800595e56db7138cecb338fdbf044806e10dcf182dfe", size = 253280, upload-time = "2026-05-10T18:01:46.175Z" },
    { url = "https://files.pythonhosted.org/packages/ad/9e/1c0264514a3f98259a6d64765a397b2c8373e3ba59ee722a4802d3ec0c61/coverage-7.14.0-cp314-cp314-musllinux_1_2_i686.whl", hash = "sha256:9d26ac7f5398bafc5b57421ad994e8a4749e8a7a0e62d05ec7d53014d5963bfa", size = 251241, upload-time = "2026-05-10T18:01:48.732Z" },
    { url = "https://files.pythonhosted.org/packages/64/16/4efdf3e3c4079cdbf0ece56a2fea872df9e8a3e15a13a0af4400e1075944/coverage-7.14.0-cp314-cp314-musllinux_1_2_ppc64le.whl", hash = "sha256:2fb73254ff43c911c967a899e1359bc5049b4b115d6e8fbdde4937d0a2246cd5", size = 255516, upload-time = "2026-05-10T18:01:50.819Z" },
    { url = "https://files.pythonhosted.org/packages/93/69/b1de96346603881b3d1bc8d6447c83200e1c9700ffbaff926ba01ff5724c/coverage-7.14.0-cp314-cp314-musllinux_1_2_riscv64.whl", hash = "sha256:454a380af72c6adada298ed270d38c7a391288198dbfb8467f786f588751a90c", size = 251059, upload-time = "2026-05-10T18:01:52.773Z" },
    { url = "https://files.pythonhosted.org/packages/a4/66/2881853e0363a5e0a724d1103e53650795367471b6afb234f8b49e713bc6/coverage-7.14.0-cp314-cp314-musllinux_1_2_x86_64.whl", hash = "sha256:65c86fb646d2bd2972e96bd1a8b45817ed907cee68655d6295fe7ec031d04cca", size = 252716, upload-time = "2026-05-10T18:01:54.506Z" },
    { url = "https://files.pythonhosted.org/packages/55/5c/0d3305d002c41dcde873dbe456491e663dc55152ca526b630b5c47efd62f/coverage-7.14.0-cp314-cp314-win32.whl", hash = "sha256:6a6516b02a6101398e19a3f44820f69bab2590697f7def4331f668b14adaf828", size = 222788, upload-time = "2026-05-10T18:01:56.487Z" },
    { url = "https://files.pythonhosted.org/packages/f9/58/6e1b8f52fdc3184b47dc5037f5070d83a3d11042db1594b02d2a44d786c8/coverage-7.14.0-cp314-cp314-win_amd64.whl", hash = "sha256:45e0f79d8351fa76e256716df91eab12890d32678b9590df7ae1042e4bd4cf5d", size = 223600, upload-time = "2026-05-10T18:01:58.497Z" },
    { url = "https://files.pythonhosted.org/packages/00/70/a18c408e674bc26281cadaedc7351f929bd2094e191e4b15271c30b084cc/coverage-7.14.0-cp314-cp314-win_arm64.whl", hash = "sha256:4b899594a8b2d81e5cc064a0d7f9cac2081fed91049456cae7676787e41549c9", size = 222168, upload-time = "2026-05-10T18:02:00.411Z" },
    { url = "https://files.pythonhosted.org/packages/3d/89/2681f071d238b62aff8dfc2ab44fc24cfdb38d1c01f391a80522ff5d3a16/coverage-7.14.0-cp314-cp314t-macosx_10_15_x86_64.whl", hash = "sha256:f580f8c80acd94ac72e863efe2cab791d8c38d153e0b463b92dfa000d5c84cd1", size = 220766, upload-time = "2026-05-10T18:02:02.313Z" },
    { url = "https://files.pythonhosted.org/packages/bd/c7/c987babafd9207ffa1995e1ef1f9b26762cf4963aa768a66b6f0501e4616/coverage-7.14.0-cp314-cp314t-macosx_11_0_arm64.whl", hash = "sha256:a2bd259c442cd43c49b30fbafc51776eb19ea396faf159d26a83e6a0a5f13b0c", size = 221035, upload-time = "2026-05-10T18:02:04.017Z" },
    { url = "https://files.pythonhosted.org/packages/5a/e9/d6a5ac3b333088143d6fc877d398a9a674dc03124a2f776e131f03864823/coverage-7.14.0-cp314-cp314t-manylinux1_i686.manylinux_2_28_i686.manylinux_2_5_i686.whl", hash = "sha256:a706b908dfa85538863504c624b237a3cc34232bf403c057414ebfdb3b4d9f84", size = 262405, upload-time = "2026-05-10T18:02:05.915Z" },
    { url = "https://files.pythonhosted.org/packages/38/b1/e70838d29a7c08e22d44398a46db90815bbcbf28de06992bd9210d1a8d8e/coverage-7.14.0-cp314-cp314t-manylinux1_x86_64.manylinux_2_28_x86_64.manylinux_2_5_x86_64.whl", hash = "sha256:7333cd944ee4393b9b3d3c1b598c936d4fc8d70573a4c7dacfec5590dd50e436", size = 264530, upload-time = "2026-05-10T18:02:07.582Z" },
    { url = "https://files.pythonhosted.org/packages/6b/73/5c31ef97763288d03d9995152b96d5475b527c63d91c84b01caea894b83a/coverage-7.14.0-cp314-cp314t-manylinux2014_aarch64.manylinux_2_17_aarch64.manylinux_2_28_aarch64.whl", hash = "sha256:0f162bc9a15b82d947b02651b0c7e1609d6f7a8735ca330cfadec8481dd97d5a", size = 266932, upload-time = "2026-05-10T18:02:09.401Z" },
    { url = "https://files.pythonhosted.org/packages/e1/76/dd56d80f29c5f05b4d76f7e7c6d47cafacae017189c75c5759d24f9ff0cc/coverage-7.14.0-cp314-cp314t-manylinux2014_ppc64le.manylinux_2_17_ppc64le.manylinux_2_28_ppc64le.whl", hash = "sha256:362cb78e01a5dc82009d88004cf60f2e6b6d6fcbfdec05b05af73b0abf40118f", size = 268062, upload-time = "2026-05-10T18:02:11.399Z" },
    { url = "https://files.pythonhosted.org/packages/6e/c7/27ba85cd5b95614f159ff93ebff1901584a8d192e2e5e24c4943a7453f59/coverage-7.14.0-cp314-cp314t-manylinux_2_31_riscv64.manylinux_2_39_riscv64.whl", hash = "sha256:acebd068fca5512c3a6fde9c045f901613478781a73f0e82b307b214daef23fb", size = 261504, upload-time = "2026-05-10T18:02:13.257Z" },
    { url = "https://files.pythonhosted.org/packages/13/2e/e8149f60ab5d5684c6eee881bdf34b127115cddbb958b196768dd9d63473/coverage-7.14.0-cp314-cp314t-musllinux_1_2_aarch64.whl", hash = "sha256:29fe3da551dface75deb2ccbf87b6b66e2e7ef38f6d89050b428be94afff3490", size = 264398, upload-time = "2026-05-10T18:02:15.063Z" },
    { url = "https://files.pythonhosted.org/packages/d9/7f/1261b025285323225f4b4abffa5a643649dfd67e25ddca7ebcbdea3b7cb3/coverage-7.14.0-cp314-cp314t-musllinux_1_2_i686.whl", hash = "sha256:b4cc4fce8672fffcb09b0eafc167b396b3ba53c4a7230f54b7aaffbf6c835fa9", size = 262000, upload-time = "2026-05-10T18:02:16.756Z" },
    { url = "https://files.pythonhosted.org/packages/d3/dc/829c54f60b9d08389439c00f813c752781c496fc5788c78d8006db4b4f2b/coverage-7.14.0-cp314-cp314t-musllinux_1_2_ppc64le.whl", hash = "sha256:5d4a51aad8ba8bdcd2b8bd8f03d4aca19693fa2327a3470e4718a25b03481020", size = 265732, upload-time = "2026-05-10T18:02:18.817Z" },
    { url = "https://files.pythonhosted.org/packages/ed/b0/70bd1419941652fa062689cba9c3eeafb8f5e6fbb890bce41c3bdda5dbd6/coverage-7.14.0-cp314-cp314t-musllinux_1_2_riscv64.whl", hash = "sha256:9f323af3e1e4f68b60b7b247e37b8515563a61375518fa59de1af48ba28a3db6", size = 260847, upload-time = "2026-05-10T18:02:20.528Z" },
    { url = "https://files.pythonhosted.org/packages/f2/73/be40b2390656c654d35ea0015ea7ba3d945769cf80790ad5e0bb2d56d2ba/coverage-7.14.0-cp314-cp314t-musllinux_1_2_x86_64.whl", hash = "sha256:1a0abc7342ea9711c469dd8b821c6c311e6bc6aac1442e5fbd6b27fae0a8f3db", size = 263166, upload-time = "2026-05-10T18:02:22.337Z" },
    { url = "https://files.pythonhosted.org/packages/29/55/4a643f712fcf7cf2881f8ec1e0ccb7b164aff3108f69b51801246c8799f2/coverage-7.14.0-cp314-cp314t-win32.whl", hash = "sha256:a9f864ef57b7172e2db87a096642dd51e179e085ab6b2c371c29e885f65c8fb2", size = 223573, upload-time = "2026-05-10T18:02:24.11Z" },
    { url = "https://files.pythonhosted.org/packages/27/96/3acae5da0953be042c0b4dea6d6789d2f080701c77b88e44d5bd41b9219b/coverage-7.14.0-cp314-cp314t-win_amd64.whl", hash = "sha256:29943e552fdc08e082eb51400fb2f58e118a83b5542bd06531214e084399b644", size = 224680, upload-time = "2026-05-10T18:02:25.896Z" },
    { url = "https://files.pythonhosted.org/packages/93/3d/6ab5d2dd8325d838737c6f8d83d62eb6230e0d70b87b51b57bbfd08fa767/coverage-7.14.0-cp314-cp314t-win_arm64.whl", hash = "sha256:742a73ea621953b012f2c4c2219b512180dd84489acf5b1596b0aafc55b9100b", size = 222703, upload-time = "2026-05-10T18:02:27.822Z" },
    { url = "https://files.pythonhosted.org/packages/61/e8/cb8e80d6f9f55b99588625062822bf946cf03ed06315df4bd8397f5632a1/coverage-7.14.0-py3-none-any.whl", hash = "sha256:8de5b61163aee3d05c8a2beab6f47913df7981dad1baf82c414d99158c286ab1", size = 211764, upload-time = "2026-05-10T18:02:29.538Z" },
]

[[package]]
name = "dotenv"
version = "0.9.9"
source = { registry = "https://pypi.org/simple" }
dependencies = [
    { name = "python-dotenv" },
]
wheels = [
    { url = "https://files.pythonhosted.org/packages/b2/b7/545d2c10c1fc15e48653c91efde329a790f2eecfbbf2bd16003b5db2bab0/dotenv-0.9.9-py2.py3-none-any.whl", hash = "sha256:29cf74a087b31dafdb5a446b6d7e11cbce8ed2741540e2339c69fbef92c94ce9", size = 1892, upload-time = "2025-02-19T22:15:01.647Z" },
]

[[package]]
name = "h11"
version = "0.16.0"
source = { registry = "https://pypi.org/simple" }
sdist = { url = "https://files.pythonhosted.org/packages/01/ee/02a2c011bdab74c6fb3c75474d40b3052059d95df7e73351460c8588d963/h11-0.16.0.tar.gz", hash = "sha256:4e35b956cf45792e4caa5885e69fba00bdbc6ffafbfa020300e549b208ee5ff1", size = 101250, upload-time = "2025-04-24T03:35:25.427Z" }
wheels = [
    { url = "https://files.pythonhosted.org/packages/04/4b/29cac41a4d98d144bf5f6d33995617b185d14b22401f75ca86f384e87ff1/h11-0.16.0-py3-none-any.whl", hash = "sha256:63cf8bbe7522de3bf65932fda1d9c2772064ffb3dae62d55932da54b31cb6c86", size = 37515, upload-time = "2025-04-24T03:35:24.344Z" },
]

[[package]]
name = "httpcore"
version = "1.0.9"
source = { registry = "https://pypi.org/simple" }
dependencies = [
    { name = "certifi" },
    { name = "h11" },
]
sdist = { url = "https://files.pythonhosted.org/packages/06/94/82699a10bca87a5556c9c59b5963f2d039dbd239f25bc2a63907a05a14cb/httpcore-1.0.9.tar.gz", hash = "sha256:6e34463af53fd2ab5d807f399a9b45ea31c3dfa2276f15a2c3f00afff6e176e8", size = 85484, upload-time = "2025-04-24T22:06:22.219Z" }
wheels = [
    { url = "https://files.pythonhosted.org/packages/7e/f5/f66802a942d491edb555dd61e3a9961140fd64c90bce1eafd741609d334d/httpcore-1.0.9-py3-none-any.whl", hash = "sha256:2d400746a40668fc9dec9810239072b40b4484b640a8c38fd654a024c7a1bf55", size = 78784, upload-time = "2025-04-24T22:06:20.566Z" },
]

[[package]]
name = "httpx"
version = "0.28.1"
source = { registry = "https://pypi.org/simple" }
dependencies = [
    { name = "anyio" },
    { name = "certifi" },
    { name = "httpcore" },
    { name = "idna" },
]
sdist = { url = "https://files.pythonhosted.org/packages/b1/df/48c586a5fe32a0f01324ee087459e112ebb7224f646c0b5023f5e79e9956/httpx-0.28.1.tar.gz", hash = "sha256:75e98c5f16b0f35b567856f597f06ff2270a374470a5c2392242528e3e3e42fc", size = 141406, upload-time = "2024-12-06T15:37:23.222Z" }
wheels = [
    { url = "https://files.pythonhosted.org/packages/2a/39/e50c7c3a983047577ee07d2a9e53faf5a69493943ec3f6a384bdc792deb2/httpx-0.28.1-py3-none-any.whl", hash = "sha256:d909fcccc110f8c7faf814ca82a9a4d816bc5a6dbfea25d6591d6985b8ba59ad", size = 73517, upload-time = "2024-12-06T15:37:21.509Z" },
]

[[package]]
name = "idna"
version = "3.10"
source = { registry = "https://pypi.org/simple" }
sdist = { url = "https://files.pythonhosted.org/packages/f1/70/7703c29685631f5a7590aa73f1f1d3fa9a380e654b86af429e0934a32f7d/idna-3.10.tar.gz", hash = "sha256:12f65c9b470abda6dc35cf8e63cc574b1c52b11df2c86030af0ac09b01b13ea9", size = 190490, upload-time = "2024-09-15T18:07:39.745Z" }
wheels = [
    { url = "https://files.pythonhosted.org/packages/76/c6/c88e154df9c4e1a2a66ccf0005a88dfb2650c1dffb6f5ce603dfbd452ce3/idna-3.10-py3-none-any.whl", hash = "sha256:946d195a0d259cbba61165e88e65941f16e9b36ea6ddb97f00452bae8b1287d3", size = 70442, upload-time = "2024-09-15T18:07:37.964Z" },
]

[[package]]
name = "process-street"
version = "2025.0"
source = { editable = "." }
dependencies = [
    { name = "httpx" },
]

[package.dev-dependencies]
dev = [
    { name = "coverage" },
    { name = "dotenv" },
    { name = "ruff" },
    { name = "ty" },
    { name = "uv-build" },
]

[package.metadata]
requires-dist = [{ name = "httpx", specifier = ">=0.28.1" }]

[package.metadata.requires-dev]
dev = [
    { name = "coverage", specifier = ">=7.14.0" },
    { name = "dotenv", specifier = ">=0.9.9" },
    { name = "ruff", specifier = ">=0.15.12" },
    { name = "ty", specifier = ">=0.0.37" },
    { name = "uv-build", specifier = ">=0.9.15" },
]

[[package]]
name = "python-dotenv"
version = "1.1.0"
source = { registry = "https://pypi.org/simple" }
sdist = { url = "https://files.pythonhosted.org/packages/88/2c/7bb1416c5620485aa793f2de31d3df393d3686aa8a8506d11e10e13c5baf/python_dotenv-1.1.0.tar.gz", hash = "sha256:41f90bc6f5f177fb41f53e87666db362025010eb28f60a01c9143bfa33a2b2d5", size = 39920, upload-time = "2025-03-25T10:14:56.835Z" }
wheels = [
    { url = "https://files.pythonhosted.org/packages/1e/18/98a99ad95133c6a6e2005fe89faedf294a748bd5dc803008059409ac9b1e/python_dotenv-1.1.0-py3-none-any.whl", hash = "sha256:d7c01d9e2293916c18baf562d95698754b0dbbb5e74d457c45d4f6561fb9d55d", size = 20256, upload-time = "2025-03-25T10:14:55.034Z" },
]

[[package]]
name = "ruff"
version = "0.15.12"
source = { registry = "https://pypi.org/simple" }
sdist = { url = "https://files.pythonhosted.org/packages/99/43/3291f1cc9106f4c63bdce7a8d0df5047fe8422a75b091c16b5e9355e0b11/ruff-0.15.12.tar.gz", hash = "sha256:ecea26adb26b4232c0c2ca19ccbc0083a68344180bba2a600605538ce51a40a6", size = 4643852, upload-time = "2026-04-24T18:17:14.305Z" }
wheels = [
    { url = "https://files.pythonhosted.org/packages/c3/6e/e78ffb61d4686f3d96ba3df2c801161843746dcbcbb17a1e927d4829312b/ruff-0.15.12-py3-none-linux_armv6l.whl", hash = "sha256:f86f176e188e94d6bdbc09f09bfd9dc729059ad93d0e7390b5a73efe19f8861c", size = 10640713, upload-time = "2026-04-24T18:17:22.841Z" },
    { url = "https://files.pythonhosted.org/packages/ae/08/a317bc231fb9e7b93e4ef3089501e51922ff88d6936ce5cf870c4fe55419/ruff-0.15.12-py3-none-macosx_10_12_x86_64.whl", hash = "sha256:e3bcd123364c3770b8e1b7baaf343cc99a35f197c5c6e8af79015c666c423a6c", size = 11069267, upload-time = "2026-04-24T18:17:30.105Z" },
    { url = "https://files.pythonhosted.org/packages/aa/a4/f828e9718d3dce1f5f11c39c4f65afd32783c8b2aebb2e3d259e492c47bd/ruff-0.15.12-py3-none-macosx_11_0_arm64.whl", hash = "sha256:fe87510d000220aa1ed530d4448a7c696a0cae1213e5ec30e5874287b66557b5", size = 10397182, upload-time = "2026-04-24T18:17:07.177Z" },
    { url = "https://files.pythonhosted.org/packages/71/e0/3310fc6d1b5e1fdea22bf3b1b807c7e187b581021b0d7d4514cccdb5fb71/ruff-0.15.12-py3-none-manylinux_2_17_aarch64.manylinux2014_aarch64.whl", hash = "sha256:84a1630093121375a3e2a95b4a6dc7b59e2b4ee76216e32d81aae550a832d002", size = 10758012, upload-time = "2026-04-24T18:16:55.759Z" },
    { url = "https://files.pythonhosted.org/packages/11/c1/a606911aee04c324ddaa883ae418f3569792fd3c4a10c50e0dd0a2311e1e/ruff-0.15.12-py3-none-manylinux_2_17_armv7l.manylinux2014_armv7l.whl", hash = "sha256:fb129f40f114f089ebe0ca56c0d251cf2061b17651d464bb6478dc01e69f11f5", size = 10447479, upload-time = "2026-04-24T18:16:51.677Z" },
    { url = "https://files.pythonhosted.org/packages/9d/68/4201e8444f0894f21ab4aeeaee68aa4f10b51613514a20d80bd628d57e88/ruff-0.15.12-py3-none-manylinux_2_17_i686.manylinux2014_i686.whl", hash = "sha256:b0c862b172d695db7598426b8af465e7e9ac00a3ea2a3630ee67eb82e366aaa6", size = 11234040, upload-time = "2026-04-24T18:17:16.529Z" },
    { url = "https://files.pythonhosted.org/packages/34/ff/8a6d6cf4ccc23fd67060874e832c18919d1557a0611ebef03fdb01fff11e/ruff-0.15.12-py3-none-manylinux_2_17_ppc64le.manylinux2014_ppc64le.whl", hash = "sha256:2849ea9f3484c3aca43a82f484210370319e7170df4dfe4843395ddf6c57bc33", size = 12087377, upload-time = "2026-04-24T18:17:04.944Z" },
    { url = "https://files.pythonhosted.org/packages/85/f6/c669cf73f5152f623d34e69866a46d5e6185816b19fcd5b6dd8a2d299922/ruff-0.15.12-py3-none-manylinux_2_17_s390x.manylinux2014_s390x.whl", hash = "sha256:9e77c7e51c07fe396826d5969a5b846d9cd4c402535835fb6e21ce8b28fef847", size = 11367784, upload-time = "2026-04-24T18:17:25.409Z" },
    { url = "https://files.pythonhosted.org/packages/e8/39/c61d193b8a1daaa8977f7dea9e8d8ba866e02ea7b65d32f6861693aa4c12/ruff-0.15.12-py3-none-manylinux_2_17_x86_64.manylinux2014_x86_64.whl", hash = "sha256:83b2f4f2f3b1026b5fb449b467d9264bf22067b600f7b6f41fc5958909f449d0", size = 11344088, upload-time = "2026-04-24T18:17:12.258Z" },
    { url = "https://files.pythonhosted.org/packages/c2/8d/49afab3645e31e12c590acb6d3b5b69d7aab5b81926dbaf7461f9441f37a/ruff-0.15.12-py3-none-manylinux_2_31_riscv64.whl", hash = "sha256:9ba3b8f1afd7e2e43d8943e55f249e13f9682fde09711644a6e7290eb4f3e339", size = 11271770, upload-time = "2026-04-24T18:17:02.457Z" },
    { url = "https://files.pythonhosted.org/packages/46/06/33f41fe94403e2b755481cdfb9b7ef3e4e0ed031c4581124658d935d52b4/ruff-0.15.12-py3-none-musllinux_1_2_aarch64.whl", hash = "sha256:e852ba9fdc890655e1d78f2df1499efbe0e54126bd405362154a75e2bde159c5", size = 10719355, upload-time = "2026-04-24T18:17:27.648Z" },
    { url = "https://files.pythonhosted.org/packages/0d/59/18aa4e014debbf559670e4048e39260a85c7fcee84acfd761ac01e7b8d35/ruff-0.15.12-py3-none-musllinux_1_2_armv7l.whl", hash = "sha256:dd8aed930da53780d22fc70bdf84452c843cf64f8cb4eb38984319c24c5cd5fd", size = 10462758, upload-time = "2026-04-24T18:17:32.347Z" },
    { url = "https://files.pythonhosted.org/packages/25/e7/cc9f16fd0f3b5fddcbd7ec3d6ae30c8f3fde1047f32a4093a98d633c6570/ruff-0.15.12-py3-none-musllinux_1_2_i686.whl", hash = "sha256:01da3988d225628b709493d7dc67c3b9b12c0210016b08690ef9bd27970b262b", size = 10953498, upload-time = "2026-04-24T18:17:20.674Z" },
    { url = "https://files.pythonhosted.org/packages/72/7a/a9ba7f98c7a575978698f4230c5e8cc54bbc761af34f560818f933dafa0c/ruff-0.15.12-py3-none-musllinux_1_2_x86_64.whl", hash = "sha256:9cae0f92bd5700d1213188b31cd3bdd2b315361296d10b96b8e2337d3d11f53e", size = 11447765, upload-time = "2026-04-24T18:17:09.755Z" },
    { url = "https://files.pythonhosted.org/packages/ea/f9/0ae446942c846b8266059ad8a30702a35afae55f5cdc54c5adf8d7afdc27/ruff-0.15.12-py3-none-win32.whl", hash = "sha256:d0185894e038d7043ba8fd6aee7499ece6462dc0ea9f1e260c7451807c714c20", size = 10657277, upload-time = "2026-04-24T18:17:18.591Z" },
    { url = "https://files.pythonhosted.org/packages/33/f1/9614e03e1cdcbf9437570b5400ced8a720b5db22b28d8e0f1bda429f660d/ruff-0.15.12-py3-none-win_amd64.whl", hash = "sha256:c87a162d61ab3adca47c03f7f717c68672edec7d1b5499e652331780fe74950d", size = 11837758, upload-time = "2026-04-24T18:17:00.113Z" },
    { url = "https://files.pythonhosted.org/packages/c0/98/6beb4b351e472e5f4c4613f7c35a5290b8be2497e183825310c4c3a3984b/ruff-0.15.12-py3-none-win_arm64.whl", hash = "sha256:a538f7a82d061cee7be55542aca1d86d1393d55d81d4fcc314370f4340930d4f", size = 11120821, upload-time = "2026-04-24T18:16:57.979Z" },
]

[[package]]
name = "sniffio"
version = "1.3.1"
source = { registry = "https://pypi.org/simple" }
sdist = { url = "https://files.pythonhosted.org/packages/a2/87/a6771e1546d97e7e041b6ae58d80074f81b7d5121207425c964ddf5cfdbd/sniffio-1.3.1.tar.gz", hash = "sha256:f4324edc670a0f49750a81b895f35c3adb843cca46f0530f79fc1babb23789dc", size = 20372, upload-time = "2024-02-25T23:20:04.057Z" }
wheels = [
    { url = "https://files.pythonhosted.org/packages/e9/44/75a9c9421471a6c4805dbf2356f7c181a29c1879239abab1ea2cc8f38b40/sniffio-1.3.1-py3-none-any.whl", hash = "sha256:2f6da418d1f1e0fddd844478f41680e794e6051915791a034ff65e5f100525a2", size = 10235, upload-time = "2024-02-25T23:20:01.196Z" },
]

[[package]]
name = "ty"
version = "0.0.37"
source = { registry = "https://pypi.org/simple" }
sdist = { url = "https://files.pythonhosted.org/packages/c7/c3/60bc4829e0c1a8ff80b592067e1185a7b5ea64608acb0c676c44d5137d52/ty-0.0.37.tar.gz", hash = "sha256:f873f69627bd7f4ef8d57f716c63e5c63d7d1b7327ab3de185c7287a75223011", size = 5655422, upload-time = "2026-05-16T05:57:21.315Z" }
wheels = [
    { url = "https://files.pythonhosted.org/packages/b8/fe/180dd6914f9db33ad0200fbeaa429dd1fb0a4e6d98320dc1775f100a91af/ty-0.0.37-py3-none-linux_armv6l.whl", hash = "sha256:66cf7310189856e15f690559ddf37735476d2644db917d92f7cef13e5c834adf", size = 11246028, upload-time = "2026-05-16T05:57:41.744Z" },
    { url = "https://files.pythonhosted.org/packages/ef/a2/fa0cfd31467ad99b2db8c81ee9e2b4574589974a3eb9723be825e15b300c/ty-0.0.37-py3-none-macosx_10_12_x86_64.whl", hash = "sha256:2048f3c44ee6c7dde6e0ca064f99c6cada8f6de8ccdcfad2d856a429f8a4ac82", size = 11001460, upload-time = "2026-05-16T05:57:35.27Z" },
    { url = "https://files.pythonhosted.org/packages/10/3f/db60ba9be8b95a464ece0ba103e534047c34b49fee12f5e101f83f8d66db/ty-0.0.37-py3-none-macosx_11_0_arm64.whl", hash = "sha256:32c7b9b5b626aacdec334b44a2698e5f7b80df55bf7338267084d00d4b9546b3", size = 10446549, upload-time = "2026-05-16T05:57:37.252Z" },
    { url = "https://files.pythonhosted.org/packages/56/6f/11dd7174b20ebcb37a3d3b68f60b3940e37e4356e0accd03e2d7f9f70690/ty-0.0.37-py3-none-manylinux_2_17_aarch64.manylinux2014_aarch64.whl", hash = "sha256:e9fba1bebccf1e656bc5e3787acc5a191c491041ee4d12fe8fe2eff64e7b190d", size = 10961016, upload-time = "2026-05-16T05:57:16.394Z" },
    { url = "https://files.pythonhosted.org/packages/65/dd/3c17ce2860c525817c42c82d7075391b1f5615d36c03aa2d26647a224e8a/ty-0.0.37-py3-none-manylinux_2_17_armv7l.manylinux2014_armv7l.whl", hash = "sha256:f987c5fb59aa5017ee8e8c5b57a07390f584e58e572255acd0fa44b3e0b238df", size = 11022093, upload-time = "2026-05-16T05:57:32.741Z" },
    { url = "https://files.pythonhosted.org/packages/d0/a8/e7a40b0b57660921dd3482d219add963973b52ae8507abd88f48439704b5/ty-0.0.37-py3-none-manylinux_2_17_i686.manylinux2014_i686.whl", hash = "sha256:f4168f53146e7a3f52560ff433f238352591c9b1a9ed09397fbb776ddef4f89c", size = 11486333, upload-time = "2026-05-16T05:57:18.839Z" },
    { url = "https://files.pythonhosted.org/packages/da/5f/2c406b98244bc1ad42afdd35f466bcef88664210957dcbb5172254ff2462/ty-0.0.37-py3-none-manylinux_2_17_ppc64le.manylinux2014_ppc64le.whl", hash = "sha256:11e487eafdb80a48223ce68a01f9287528216ffe0126d1629ff11e4f7c1dd3cf", size = 12093526, upload-time = "2026-05-16T05:57:04.456Z" },
    { url = "https://files.pythonhosted.org/packages/d3/3c/5c492a38e1b21a26370727dd4b77a53f05262e53e3be232047f22e7fa1b3/ty-0.0.37-py3-none-manylinux_2_17_s390x.manylinux2014_s390x.whl", hash = "sha256:9b49f388d063668676daaa7eef57385089d1b844279c0185bd84d4dbc3bcede6", size = 11725957, upload-time = "2026-05-16T05:57:23.356Z" },
    { url = "https://files.pythonhosted.org/packages/b2/00/8a3d9ba265cd0582342c14e4980cc0351aaaa45c6305712d398c9e2446c7/ty-0.0.37-py3-none-manylinux_2_17_x86_64.manylinux2014_x86_64.whl", hash = "sha256:1b96bfc1cc725d9d859abef4e3aa32a6da0f7472eaaafae2d9a6cffd729c7c61", size = 11610336, upload-time = "2026-05-16T05:57:27.888Z" },
    { url = "https://files.pythonhosted.org/packages/91/4b/6ee172935cb842f5c1553b0d37215b45e9dde05a4c74fdb47fd271907122/ty-0.0.37-py3-none-manylinux_2_31_riscv64.whl", hash = "sha256:c55f39b519107cf234b794718793e11793c055e89028a282a309f690def48117", size = 11797856, upload-time = "2026-05-16T05:57:11.109Z" },
    { url = "https://files.pythonhosted.org/packages/34/ef/75a7425bf9fe74483404ff11a8cbe3aa307354e0801697d6063384157776/ty-0.0.37-py3-none-musllinux_1_2_aarch64.whl", hash = "sha256:c79204350de060a077bff7f027a1d53e216cad147d826ec9862be0af2f9c3c1e", size = 10941848, upload-time = "2026-05-16T05:57:30.653Z" },
    { url = "https://files.pythonhosted.org/packages/e0/2c/7ea9dccd55961375067f99ed00fb8eabb491f6a06d0e5f09c797d2b900a6/ty-0.0.37-py3-none-musllinux_1_2_armv7l.whl", hash = "sha256:49a21b4dcb2cd94cd0298c96dfb71a2dd25f08bf7e6eefd0c33c519d058908c6", size = 11058248, upload-time = "2026-05-16T05:57:01.785Z" },
    { url = "https://files.pythonhosted.org/packages/98/d7/848fde96c6610b2b1fd75823d44d8977a4525c4397f27332f054ccd6cf9c/ty-0.0.37-py3-none-musllinux_1_2_i686.whl", hash = "sha256:119332095c5974fe1dabfe4fd00c6759eeec5b99f7d7a80b2833feee5a58abdb", size = 11168423, upload-time = "2026-05-16T05:57:39.297Z" },
    { url = "https://files.pythonhosted.org/packages/29/11/c1613ac4b64357b9067df68bac97bcb458cc426cd468a2782847238c539b/ty-0.0.37-py3-none-musllinux_1_2_x86_64.whl", hash = "sha256:ac5dc593675414f68862c2f71cc04912b0e5ec5520a9c49fc71ed79205b95c33", size = 11698565, upload-time = "2026-05-16T05:57:14.206Z" },
    { url = "https://files.pythonhosted.org/packages/5f/ac/961205863903881996adb5a6f9cfe570c132882922ac226540346f15df20/ty-0.0.37-py3-none-win32.whl", hash = "sha256:33b57e4095179f06c2ae01c334833645cad94bf7d7467e073cdc3aaabea565d3", size = 10518308, upload-time = "2026-05-16T05:57:25.824Z" },
    { url = "https://files.pythonhosted.org/packages/39/cd/f308edd0cd86e402fe3a1b5c54e0a0dfa0177d80c1557c4849510bb2a147/ty-0.0.37-py3-none-win_amd64.whl", hash = "sha256:3b159351e99cf6eed7aacfb69ae8437725d15599ac4f21c8b2e909b300498b6c", size = 11607159, upload-time = "2026-05-16T05:57:06.76Z" },
    { url = "https://files.pythonhosted.org/packages/1a/ed/5ec4b501479bc5dad55467e2fe72e797cb9c178468c0d1a514536872ebc5/ty-0.0.37-py3-none-win_arm64.whl", hash = "sha256:6c3c2b997f68c71e14242b96d48cba3c086439556af02bb4613aa458950d5c23", size = 10958817, upload-time = "2026-05-16T05:57:08.907Z" },
]

[[package]]
name = "uv-build"
version = "0.11.3"
source = { registry = "https://pypi.org/simple" }
sdist = { url = "https://files.pythonhosted.org/packages/d7/44/ca32e1a982ddfc8fd5aaae6f3d49464a2787352625f81ecd8e783408df5a/uv_build-0.11.3.tar.gz", hash = "sha256:4aa46d8a00a7f3581ceb531237627c08e9ef0601d71cbb054033b6f3b349ec8f", size = 382592, upload-time = "2026-04-01T21:46:46.16Z" }
wheels = [
    { url = "https://files.pythonhosted.org/packages/13/3f/ea939367e701de222ee1a3660dc1de456ce7e5c9a4fea2562c6d977744eb/uv_build-0.11.3-py3-none-linux_armv6l.whl", hash = "sha256:99b19b555f0b7d82fe6d77da3cef9bcd369c731f61af803164d8b08e615026b4", size = 1530322, upload-time = "2026-04-01T21:46:58.191Z" },
    { url = "https://files.pythonhosted.org/packages/0a/fc/fa7672156fc3fe84d8bf0e0cfc35908439a3182e0f22ef74c923252b11bd/uv_build-0.11.3-py3-none-macosx_10_12_x86_64.whl", hash = "sha256:9187f9995bd86c72acad8e10364368b78ba464daf13d26b66040b602545c4338", size = 1475747, upload-time = "2026-04-01T21:47:05.812Z" },
    { url = "https://files.pythonhosted.org/packages/f1/0a/6e2a1dc681773cdcf390edf635e7308555edec90636c658f1dc397a34cb6/uv_build-0.11.3-py3-none-macosx_11_0_arm64.whl", hash = "sha256:fbc000b85aa43e14d8f568a9b1755164efba3ce6f2633b35f2d4e70c044add69", size = 1430644, upload-time = "2026-04-01T21:46:40.188Z" },
    { url = "https://files.pythonhosted.org/packages/d8/fc/d92d5e4d2657d4572991d0bfddbcadb2ec79a63658a2123df8d52382af06/uv_build-0.11.3-py3-none-manylinux_2_17_aarch64.manylinux2014_aarch64.musllinux_1_1_aarch64.whl", hash = "sha256:a04b48802d9feaa27b8e29c37bca316449be1fdcf3ffa7b8d039269dccf83a99", size = 1611221, upload-time = "2026-04-01T21:46:56.384Z" },
    { url = "https://files.pythonhosted.org/packages/0b/67/84048ad31380a6aa3efb033729223f0a140067a57b2e04cdaae919243d7c/uv_build-0.11.3-py3-none-manylinux_2_17_armv7l.manylinux2014_armv7l.whl", hash = "sha256:b18877c2d19e38716bb1348c5418164c1233fc8612bf7a95fdbc204eeeda7000", size = 1492465, upload-time = "2026-04-01T21:47:07.398Z" },
    { url = "https://files.pythonhosted.org/packages/60/47/ea135c0b6c2e5f02988fe58de916564ec7524f5cdd170563fee472f6b5b9/uv_build-0.11.3-py3-none-manylinux_2_17_i686.manylinux2014_i686.whl", hash = "sha256:3efa15400b9600ad79d05b2ff1cf0cebf1869f3341e1de10ff6997f81e743feb", size = 1657921, upload-time = "2026-04-01T21:46:47.339Z" },
    { url = "https://files.pythonhosted.org/packages/e2/a2/aa74e841b08c9157e682137aea70f31a9a83fcdc88ec0409d0fb52525f48/uv_build-0.11.3-py3-none-manylinux_2_17_ppc64le.manylinux2014_ppc64le.whl", hash = "sha256:23955f4e231fb102e107a8450182d88c1191605ebe49448988b2b1e35ddbb379", size = 1692695, upload-time = "2026-04-01T21:46:51.85Z" },
    { url = "https://files.pythonhosted.org/packages/d2/77/3cac33265b1546b786fa72af0c2055f78d4e234a7c931a868fa310e421f0/uv_build-0.11.3-py3-none-manylinux_2_17_s390x.manylinux2014_s390x.whl", hash = "sha256:05adb95e3cf2889934d6c081ef6a24438aa3f99e0ef4bb6ba28de25d7ac86084", size = 1582904, upload-time = "2026-04-01T21:46:48.836Z" },
    { url = "https://files.pythonhosted.org/packages/c3/4b/013a396c780c8eb7a0588453defbd0d68bd827ad2d159fe13ab7ae43933f/uv_build-0.11.3-py3-none-manylinux_2_17_x86_64.manylinux2014_x86_64.whl", hash = "sha256:65d7446fb550a65e7b0bc716613aac1a32603081510d45c6f1e8a35051383682", size = 1617801, upload-time = "2026-04-01T21:46:55.042Z" },
    { url = "https://files.pythonhosted.org/packages/fd/50/48101fa2ec35448d68fb8324e8db17db7db520ff380f6b3ad67b3f510e8f/uv_build-0.11.3-py3-none-manylinux_2_28_aarch64.whl", hash = "sha256:50fbd5d8cd17b95acfb0df65a303284db53fbe8774c203efb334557176d93a72", size = 1608836, upload-time = "2026-04-01T21:46:59.5Z" },
    { url = "https://files.pythonhosted.org/packages/d5/38/b9c8383ed67dc3bf693f13144b8e8cbd6d8474bb30f7e3dd63ab2cb5016e/uv_build-0.11.3-py3-none-manylinux_2_31_riscv64.whl", hash = "sha256:6d86bef524ccd0ec082413e4055d643863002f993d61ffda6aa5da78676367e3", size = 1577993, upload-time = "2026-04-01T21:46:44.599Z" },
    { url = "https://files.pythonhosted.org/packages/37/38/5adb31aa1eaf6337bbc4efaf5663d022a3679b108dbb7f869140432c6ec1/uv_build-0.11.3-py3-none-musllinux_1_1_armv7l.whl", hash = "sha256:0b22985a2770fb02942b28056cf3d6eda57e07daf4894112277b6aaf5b852bd6", size = 1510605, upload-time = "2026-04-01T21:47:00.772Z" },
    { url = "https://files.pythonhosted.org/packages/2b/dd/3f2b35a87eaea01eb428d92a74e49bff5fcc8122ffa06192ae76e88812d7/uv_build-0.11.3-py3-none-musllinux_1_1_i686.whl", hash = "sha256:f34b6739fc903a0c7fb99381121d42dc263539ff60a6b45728be063a448bab8d", size = 1610490, upload-time = "2026-04-01T21:46:41.778Z" },
    { url = "https://files.pythonhosted.org/packages/c2/8a/fc7322d765b8e6abd59857245caf7bb0d946d6fdaa04878174c4fc638c13/uv_build-0.11.3-py3-none-musllinux_1_1_riscv64.whl", hash = "sha256:58afba5e6a2154f62c670601ab9d038fe0d60dd23e7a7d94dc88ad0df78522cd", size = 1601318, upload-time = "2026-04-01T21:47:04.58Z" },
    { url = "https://files.pythonhosted.org/packages/9c/46/74d311d1bda2215d043a37d3eabbea703b7ef88ce388d874d7b25c7f0bf7/uv_build-0.11.3-py3-none-musllinux_1_1_x86_64.whl", hash = "sha256:22f6313923ee910a0559af6fc6d622245e87d4b980f4b1b944a73ddf0566ab1d", size = 1685228, upload-time = "2026-04-01T21:46:50.46Z" },
    { url = "https://files.pythonhosted.org/packages/bd/14/a7f4820a69a59eb289b09462ec18f1bc61a3c416e1d4f1667f4228a795bb/uv_build-0.11.3-py3-none-win32.whl", hash = "sha256:067ea45bb55b01183610f02e5472fc975a410510beb18fad2d4fa67d1242f0a0", size = 1422933, upload-time = "2026-04-01T21:46:43.033Z" },
    { url = "https://files.pythonhosted.org/packages/9c/b8/0396edc8035e67f1e784409b1de0d6df41ef14e631b52f00be55e34e4c34/uv_build-0.11.3-py3-none-win_amd64.whl", hash = "sha256:d7081b63b5194a9cb010dbf9579784c2d35b9739aadd7b86011acedcb13c6b4e", size = 1491787, upload-time = "2026-04-01T21:47:02.917Z" },
    { url = "https://files.pythonhosted.org/packages/45/fd/65eb1ce2622d3baf969be7cad4f74ae6bf615e395dc40c6e5766c81a39d0/uv_build-0.11.3-py3-none-win_arm64.whl", hash = "sha256:2c7258a761942de3796bf673e8ed13a001a1fc1a926e0ecc046a67a1b6b23c43", size = 1413123, upload-time = "2026-04-01T21:46:53.654Z" },
]
